
Microsoft Visual Studio Solution File, Format Version 12.00
# Visual Studio Version 16
VisualStudioVersion = 16.0.31321.278
MinimumVisualStudioVersion = 10.0.40219.1
Project("{FAE04EC0-301F-11D3-BF4B-00C04F79EFBC}") = "OnlineShoppingStore", "OnlineShoppingStore\OnlineShoppingStore.csproj", "{F3B5AF79-E551-4B7B-A077-A9CB343BDD19}"
EndProject
Project("{FAE04EC0-301F-11D3-BF4B-00C04F79EFBC}") = "OnlineShoppingStore.Tests", "OnlineShoppingStore.Tests\OnlineShoppingStore.Tests.csproj", "{C51B0CF6-A75E-46B4-8638-5CB61A17EF4C}"
EndProject
Global
	GlobalSection(SolutionConfigurationPlatforms) = preSolution
		Debug|Any CPU = Debug|Any CPU
		Release|Any CPU = Release|Any CPU
	EndGlobalSection
	GlobalSection(ProjectConfigurationPlatforms) = postSolution
		{F3B5AF79-E551-4B7B-A077-A9CB343BDD19}.Debug|Any CPU.ActiveCfg = Debug|Any CPU
		{F3B5AF79-E551-4B7B-A077-A9CB343BDD19}.Debug|Any CPU.Build.0 = Debug|Any CPU
		{F3B5AF79-E551-4B7B-A077-A9CB343BDD19}.Release|Any CPU.ActiveCfg = Release|Any CPU
		{F3B5AF79-E551-4B7B-A077-A9CB343BDD19}.Release|Any CPU.Build.0 = Release|Any CPU
		{C51B0CF6-A75E-46B4-8638-5CB61A17EF4C}.Debug|Any CPU.ActiveCfg = Debug|Any CPU
		{C51B0CF6-A75E-46B4-8638-5CB61A17EF4C}.Debug|Any CPU.Build.0 = Debug|Any CPU
		{C51B0CF6-A75E-46B4-8638-5CB61A17EF4C}.Release|Any CPU.ActiveCfg = Release|Any CPU
		{C51B0CF6-A75E-46B4-8638-5CB61A17EF4C}.Release|Any CPU.Build.0 = Release|Any CPU
	EndGlobalSection
	GlobalSection(SolutionProperties) = preSolution
		HideSolutionNode = FALSE
	EndGlobalSection
	GlobalSection(ExtensibilityGlobals) = postSolution
		SolutionGuid = {C1C6B03C-EBA0-4B02-A37B-FFD8A88C5C05}
	EndGlobalSection
EndGlobal
